// !$*UTF8*$!
{
	archiveVersion = 1;
	classes = {
	};
	objectVersion = 77;
	objects = {

/* Begin PBXBuildFile section */
		BCCC82672EA97A3B004B0B90 /* BloomreachAssignmentPackage in Frameworks */ = {isa = PBXBuildFile; productRef = BCCC82662EA97A3B004B0B90 /* BloomreachAssignmentPackage */; };
		BCCC84702EAC2DDF004B0B90 /* BloomreachAssignmentPackage in Frameworks */ = {isa = PBXBuildFile; productRef = BCCC846F2EAC2DDF004B0B90 /* BloomreachAssignmentPackage */; };
		BCCC847F2EAC2FEB004B0B90 /* BloomreachAssignmentPackage in Frameworks */ = {isa = PBXBuildFile; productRef = BCCC847E2EAC2FEB004B0B90 /* BloomreachAssignmentPackage */; };
/* End PBXBuildFile section */

/* Begin PBXContainerItemProxy section */
		BCCC82392EA92A4E004B0B90 /* PBXContainerItemProxy */ = {
			isa = PBXContainerItemProxy;
			containerPortal = BCCC82232EA92A4D004B0B90 /* Project object */;
			proxyType = 1;
			remoteGlobalIDString = BCCC822A2EA92A4D004B0B90;
			remoteInfo = BloomreachAssignmentApp;
		};
		BCCC82432EA92A4E004B0B90 /* PBXContainerItemProxy */ = {
			isa = PBXContainerItemProxy;
			containerPortal = BCCC82232EA92A4D004B0B90 /* Project object */;
			proxyType = 1;
			remoteGlobalIDString = BCCC822A2EA92A4D004B0B90;
			remoteInfo = BloomreachAssignmentApp;
		};
/* End PBXContainerItemProxy section */

/* Begin PBXFileReference section */
		BCCC822B2EA92A4D004B0B90 /* BloomreachAssignmentApp.app */ = {isa = PBXFileReference; explicitFileType = wrapper.application; includeInIndex = 0; path = BloomreachAssignmentApp.app; sourceTree = BUILT_PRODUCTS_DIR; };
		BCCC82382EA92A4E004B0B90 /* BloomreachAssignmentAppTests.xctest */ = {isa = PBXFileReference; explicitFileType = wrapper.cfbundle; includeInIndex = 0; path = BloomreachAssignmentAppTests.xctest; sourceTree = BUILT_PRODUCTS_DIR; };
		BCCC82422EA92A4E004B0B90 /* BloomreachAssignmentAppUITests.xctest */ = {isa = PBXFileReference; explicitFileType = wrapper.cfbundle; includeInIndex = 0; path = BloomreachAssignmentAppUITests.xctest; sourceTree = BUILT_PRODUCTS_DIR; };
		BCCC82642EA976D2004B0B90 /* BloomreachAssignmentPackage */ = {isa = PBXFileReference; lastKnownFileType = wrapper; name = BloomreachAssignmentPackage; path = ../BloomreachAssignmentPackage; sourceTree = SOURCE_ROOT; };
/* End PBXFileReference section */

/* Begin PBXFileSystemSynchronizedRootGroup section */
		BCCC822D2EA92A4D004B0B90 /* BloomreachAssignmentApp */ = {
			isa = PBXFileSystemSynchronizedRootGroup;
			path = BloomreachAssignmentApp;
			sourceTree = "<group>";
		};
		BCCC823B2EA92A4E004B0B90 /* BloomreachAssignmentAppTests */ = {
			isa = PBXFileSystemSynchronizedRootGroup;
			path = BloomreachAssignmentAppTests;
			sourceTree = "<group>";
		};
		BCCC82452EA92A4E004B0B90 /* BloomreachAssignmentAppUITests */ = {
			isa = PBXFileSystemSynchronizedRootGroup;
			path = BloomreachAssignmentAppUITests;
			sourceTree = "<group>";
		};
/* End PBXFileSystemSynchronizedRootGroup section */

/* Begin PBXFrameworksBuildPhase section */
		BCCC82282EA92A4D004B0B90 /* Frameworks */ = {
			isa = PBXFrameworksBuildPhase;
			buildActionMask = 2147483647;
			files = (
				BCCC84702EAC2DDF004B0B90 /* BloomreachAssignmentPackage in Frameworks */,
				BCCC82672EA97A3B004B0B90 /* BloomreachAssignmentPackage in Frameworks */,
				BCCC847F2EAC2FEB004B0B90 /* BloomreachAssignmentPackage in Frameworks */,
			);
			runOnlyForDeploymentPostprocessing = 0;
		};
		BCCC82352EA92A4E004B0B90 /* Frameworks */ = {
			isa = PBXFrameworksBuildPhase;
			buildActionMask = 2147483647;
			files = (
			);
			runOnlyForDeploymentPostprocessing = 0;
		};
		BCCC823F2EA92A4E004B0B90 /* Frameworks */ = {
			isa = PBXFrameworksBuildPhase;
			buildActionMask = 2147483647;
			files = (
			);
			runOnlyForDeploymentPostprocessing = 0;
		};
/* End PBXFrameworksBuildPhase section */

/* Begin PBXGroup section */
		BCCC82222EA92A4D004B0B90 = {
			isa = PBXGroup;
			children = (
				BCCC82642EA976D2004B0B90 /* BloomreachAssignmentPackage */,
				BCCC822D2EA92A4D004B0B90 /* BloomreachAssignmentApp */,
				BCCC823B2EA92A4E004B0B90 /* BloomreachAssignmentAppTests */,
				BCCC82452EA92A4E004B0B90 /* BloomreachAssignmentAppUITests */,
				BCCC82652EA97A3B004B0B90 /* Frameworks */,
				BCCC822C2EA92A4D004B0B90 /* Products */,
			);
			sourceTree = "<group>";
		};
		BCCC822C2EA92A4D004B0B90 /* Products */ = {
			isa = PBXGroup;
			children = (
				BCCC822B2EA92A4D004B0B90 /* BloomreachAssignmentApp.app */,
				BCCC82382EA92A4E004B0B90 /* BloomreachAssignmentAppTests.xctest */,
				BCCC82422EA92A4E004B0B90 /* BloomreachAssignmentAppUITests.xctest */,
			);
			name = Products;
			sourceTree = "<group>";
		};
		BCCC82652EA97A3B004B0B90 /* Frameworks */ = {
			isa = PBXGroup;
			children = (
			);
			name = Frameworks;
			sourceTree = "<group>";
		};
/* End PBXGroup section */

/* Begin PBXNativeTarget section */
		BCCC822A2EA92A4D004B0B90 /* BloomreachAssignmentApp */ = {
			isa = PBXNativeTarget;
			buildConfigurationList = BCCC824C2EA92A4E004B0B90 /* Build configuration list for PBXNativeTarget "BloomreachAssignmentApp" */;
			buildPhases = (
				BCCC82272EA92A4D004B0B90 /* Sources */,
				BCCC82282EA92A4D004B0B90 /* Frameworks */,
				BCCC82292EA92A4D004B0B90 /* Resources */,
			);
			buildRules = (
			);
			dependencies = (
			);
			fileSystemSynchronizedGroups = (
				BCCC822D2EA92A4D004B0B90 /* BloomreachAssignmentApp */,
			);
			name = BloomreachAssignmentApp;
			packageProductDependencies = (
				BCCC82662EA97A3B004B0B90 /* BloomreachAssignmentPackage */,
				BCCC846F2EAC2DDF004B0B90 /* BloomreachAssignmentPackage */,
				BCCC847E2EAC2FEB004B0B90 /* BloomreachAssignmentPackage */,
			);
			productName = BloomreachAssignmentApp;
			productReference = BCCC822B2EA92A4D004B0B90 /* BloomreachAssignmentApp.app */;
			productType = "com.apple.product-type.application";
		};
		BCCC82372EA92A4E004B0B90 /* BloomreachAssignmentAppTests */ = {
			isa = PBXNativeTarget;
			buildConfigurationList = BCCC824F2EA92A4E004B0B90 /* Build configuration list for PBXNativeTarget "BloomreachAssignmentAppTests" */;
			buildPhases = (
				BCCC82342EA92A4E004B0B90 /* Sources */,
				BCCC82352EA92A4E004B0B90 /* Frameworks */,
				BCCC82362EA92A4E004B0B90 /* Resources */,
			);
			buildRules = (
			);
			dependencies = (
				BCCC823A2EA92A4E004B0B90 /* PBXTargetDependency */,
			);
			fileSystemSynchronizedGroups = (
				BCCC823B2EA92A4E004B0B90 /* BloomreachAssignmentAppTests */,
			);
			name = BloomreachAssignmentAppTests;
			packageProductDependencies = (
			);
			productName = BloomreachAssignmentAppTests;
			productReference = BCCC82382EA92A4E004B0B90 /* BloomreachAssignmentAppTests.xctest */;
			productType = "com.apple.product-type.bundle.unit-test";
		};
		BCCC82412EA92A4E004B0B90 /* BloomreachAssignmentAppUITests */ = {
			isa = PBXNativeTarget;
			buildConfigurationList = BCCC82522EA92A4E004B0B90 /* Build configuration list for PBXNativeTarget "BloomreachAssignmentAppUITests" */;
			buildPhases = (
				BCCC823E2EA92A4E004B0B90 /* Sources */,
				BCCC823F2EA92A4E004B0B90 /* Frameworks */,
				BCCC82402EA92A4E004B0B90 /* Resources */,
			);
			buildRules = (
			);
			dependencies = (
				BCCC82442EA92A4E004B0B90 /* PBXTargetDependency */,
			);
			fileSystemSynchronizedGroups = (
				BCCC82452EA92A4E004B0B90 /* BloomreachAssignmentAppUITests */,
			);
			name = BloomreachAssignmentAppUITests;
			packageProductDependencies = (
			);
			productName = BloomreachAssignmentAppUITests;
			productReference = BCCC82422EA92A4E004B0B90 /* BloomreachAssignmentAppUITests.xctest */;
			productType = "com.apple.product-type.bundle.ui-testing";
		};
/* End PBXNativeTarget section */

/* Begin PBXProject section */
		BCCC82232EA92A4D004B0B90 /* Project object */ = {
			isa = PBXProject;
			attributes = {
				BuildIndependentTargetsInParallel = 1;
				LastSwiftUpdateCheck = 1640;
				LastUpgradeCheck = 1640;
				TargetAttributes = {
					BCCC822A2EA92A4D004B0B90 = {
						CreatedOnToolsVersion = 16.4;
					};
					BCCC82372EA92A4E004B0B90 = {
						CreatedOnToolsVersion = 16.4;
						TestTargetID = BCCC822A2EA92A4D004B0B90;
					};
					BCCC82412EA92A4E004B0B90 = {
						CreatedOnToolsVersion = 16.4;
						TestTargetID = BCCC822A2EA92A4D004B0B90;
					};
				};
			};
			buildConfigurationList = BCCC82262EA92A4D004B0B90 /* Build configuration list for PBXProject "BloomreachAssignmentApp" */;
			developmentRegion = en;
			hasScannedForEncodings = 0;
			knownRegions = (
				en,
				Base,
			);
			mainGroup = BCCC82222EA92A4D004B0B90;
			minimizedProjectReferenceProxies = 1;
			packageReferences = (
				BCCC847D2EAC2FEB004B0B90 /* XCLocalSwiftPackageReference "../BloomreachAssignmentPackage" */,
			);
			preferredProjectObjectVersion = 77;
			productRefGroup = BCCC822C2EA92A4D004B0B90 /* Products */;
			projectDirPath = "";
			projectRoot = "";
			targets = (
				BCCC822A2EA92A4D004B0B90 /* BloomreachAssignmentApp */,
				BCCC82372EA92A4E004B0B90 /* BloomreachAssignmentAppTests */,
				BCCC82412EA92A4E004B0B90 /* BloomreachAssignmentAppUITests */,
			);
		};
/* End PBXProject section */

/* Begin PBXResourcesBuildPhase section */
		BCCC82292EA92A4D004B0B90 /* Resources */ = {
			isa = PBXResourcesBuildPhase;
			buildActionMask = 2147483647;
			files = (
			);
			runOnlyForDeploymentPostprocessing = 0;
		};
		BCCC82362EA92A4E004B0B90 /* Resources */ = {
			isa = PBXResourcesBuildPhase;
			buildActionMask = 2147483647;
			files = (
			);
			runOnlyForDeploymentPostprocessing = 0;
		};
		BCCC82402EA92A4E004B0B90 /* Resources */ = {
			isa = PBXResourcesBuildPhase;
			buildActionMask = 2147483647;
			files = (
			);
			runOnlyForDeploymentPostprocessing = 0;
		};
/* End PBXResourcesBuildPhase section */

/* Begin PBXSourcesBuildPhase section */
		BCCC82272EA92A4D004B0B90 /* Sources */ = {
			isa = PBXSourcesBuildPhase;
			buildActionMask = 2147483647;
			files = (
			);
			runOnlyForDeploymentPostprocessing = 0;
		};
		BCCC82342EA92A4E004B0B90 /* Sources */ = {
			isa = PBXSourcesBuildPhase;
			buildActionMask = 2147483647;
			files = (
			);
			runOnlyForDeploymentPostprocessing = 0;
		};
		BCCC823E2EA92A4E004B0B90 /* Sources */ = {
			isa = PBXSourcesBuildPhase;
			buildActionMask = 2147483647;
			files = (
			);
			runOnlyForDeploymentPostprocessing = 0;
		};
/* End PBXSourcesBuildPhase section */

/* Begin PBXTargetDependency section */
		BCCC823A2EA92A4E004B0B90 /* PBXTargetDependency */ = {
			isa = PBXTargetDependency;
			target = BCCC822A2EA92A4D004B0B90 /* BloomreachAssignmentApp */;
			targetProxy = BCCC82392EA92A4E004B0B90 /* PBXContainerItemProxy */;
		};
		BCCC82442EA92A4E004B0B90 /* PBXTargetDependency */ = {
			isa = PBXTargetDependency;
			target = BCCC822A2EA92A4D004B0B90 /* BloomreachAssignmentApp */;
			targetProxy = BCCC82432EA92A4E004B0B90 /* PBXContainerItemProxy */;
		};
/* End PBXTargetDependency section */

/* Begin XCBuildConfiguration section */
		BCCC824A2EA92A4E004B0B90 /* Debug */ = {
			isa = XCBuildConfiguration;
			buildSettings = {
				ALWAYS_SEARCH_USER_PATHS = NO;
				ASSETCATALOG_COMPILER_GENERATE_SWIFT_ASSET_SYMBOL_EXTENSIONS = YES;
				CLANG_ANALYZER_NONNULL = YES;
				CLANG_ANALYZER_NUMBER_OBJECT_CONVERSION = YES_AGGRESSIVE;
				CLANG_CXX_LANGUAGE_STANDARD = "gnu++20";
				CLANG_ENABLE_MODULES = YES;
				CLANG_ENABLE_OBJC_ARC = YES;
				CLANG_ENABLE_OBJC_WEAK = YES;
				CLANG_WARN_BLOCK_CAPTURE_AUTORELEASING = YES;
				CLANG_WARN_BOOL_CONVERSION = YES;
				CLANG_WARN_COMMA = YES;
				CLANG_WARN_CONSTANT_CONVERSION = YES;
				CLANG_WARN_DEPRECATED_OBJC_IMPLEMENTATIONS = YES;
				CLANG_WARN_DIRECT_OBJC_ISA_USAGE = YES_ERROR;
				CLANG_WARN_DOCUMENTATION_COMMENTS = YES;
				CLANG_WARN_EMPTY_BODY = YES;
				CLANG_WARN_ENUM_CONVERSION = YES;
				CLANG_WARN_INFINITE_RECURSION = YES;
				CLANG_WARN_INT_CONVERSION = YES;
				CLANG_WARN_NON_LITERAL_NULL_CONVERSION = YES;
				CLANG_WARN_OBJC_IMPLICIT_RETAIN_SELF = YES;
				CLANG_WARN_OBJC_LITERAL_CONVERSION = YES;
				CLANG_WARN_OBJC_ROOT_CLASS = YES_ERROR;
				CLANG_WARN_QUOTED_INCLUDE_IN_FRAMEWORK_HEADER = YES;
				CLANG_WARN_RANGE_LOOP_ANALYSIS = YES;
				CLANG_WARN_STRICT_PROTOTYPES = YES;
				CLANG_WARN_SUSPICIOUS_MOVE = YES;
				CLANG_WARN_UNGUARDED_AVAILABILITY = YES_AGGRESSIVE;
				CLANG_WARN_UNREACHABLE_CODE = YES;
				CLANG_WARN__DUPLICATE_METHOD_MATCH = YES;
				COPY_PHASE_STRIP = NO;
				DEBUG_INFORMATION_FORMAT = dwarf;
				ENABLE_STRICT_OBJC_MSGSEND = YES;
				ENABLE_TESTABILITY = YES;
				ENABLE_USER_SCRIPT_SANDBOXING = YES;
				GCC_C_LANGUAGE_STANDARD = gnu17;
				GCC_DYNAMIC_NO_PIC = NO;
				GCC_NO_COMMON_BLOCKS = YES;
				GCC_OPTIMIZATION_LEVEL = 0;
				GCC_PREPROCESSOR_DEFINITIONS = (
					"DEBUG=1",
					"$(inherited)",
				);
				GCC_WARN_64_TO_32_BIT_CONVERSION = YES;
				GCC_WARN_ABOUT_RETURN_TYPE = YES_ERROR;
				GCC_WARN_UNDECLARED_SELECTOR = YES;
				GCC_WARN_UNINITIALIZED_AUTOS = YES_AGGRESSIVE;
				GCC_WARN_UNUSED_FUNCTION = YES;
				GCC_WARN_UNUSED_VARIABLE = YES;
				IPHONEOS_DEPLOYMENT_TARGET = 18.5;
				LOCALIZATION_PREFERS_STRING_CATALOGS = YES;
				MTL_ENABLE_DEBUG_INFO = INCLUDE_SOURCE;
				MTL_FAST_MATH = YES;
				ONLY_ACTIVE_ARCH = YES;
				SDKROOT = iphoneos;
				SWIFT_ACTIVE_COMPILATION_CONDITIONS = "DEBUG $(inherited)";
				SWIFT_OPTIMIZATION_LEVEL = "-Onone";
			};
			name = Debug;
		};
		BCCC824B2EA92A4E004B0B90 /* Release */ = {
			isa = XCBuildConfiguration;
			buildSettings = {
				ALWAYS_SEARCH_USER_PATHS = NO;
				ASSETCATALOG_COMPILER_GENERATE_SWIFT_ASSET_SYMBOL_EXTENSIONS = YES;
				CLANG_ANALYZER_NONNULL = YES;
				CLANG_ANALYZER_NUMBER_OBJECT_CONVERSION = YES_AGGRESSIVE;
				CLANG_CXX_LANGUAGE_STANDARD = "gnu++20";
				CLANG_ENABLE_MODULES = YES;
				CLANG_ENABLE_OBJC_ARC = YES;
				CLANG_ENABLE_OBJC_WEAK = YES;
				CLANG_WARN_BLOCK_CAPTURE_AUTORELEASING = YES;
				CLANG_WARN_BOOL_CONVERSION = YES;
				CLANG_WARN_COMMA = YES;
				CLANG_WARN_CONSTANT_CONVERSION = YES;
				CLANG_WARN_DEPRECATED_OBJC_IMPLEMENTATIONS = YES;
				CLANG_WARN_DIRECT_OBJC_ISA_USAGE = YES_ERROR;
				CLANG_WARN_DOCUMENTATION_COMMENTS = YES;
				CLANG_WARN_EMPTY_BODY = YES;
				CLANG_WARN_ENUM_CONVERSION = YES;
				CLANG_WARN_INFINITE_RECURSION = YES;
				CLANG_WARN_INT_CONVERSION = YES;
				CLANG_WARN_NON_LITERAL_NULL_CONVERSION = YES;
				CLANG_WARN_OBJC_IMPLICIT_RETAIN_SELF = YES;
				CLANG_WARN_OBJC_LITERAL_CONVERSION = YES;
				CLANG_WARN_OBJC_ROOT_CLASS = YES_ERROR;
				CLANG_WARN_QUOTED_INCLUDE_IN_FRAMEWORK_HEADER = YES;
				CLANG_WARN_RANGE_LOOP_ANALYSIS = YES;
				CLANG_WARN_STRICT_PROTOTYPES = YES;
				CLANG_WARN_SUSPICIOUS_MOVE = YES;
				CLANG_WARN_UNGUARDED_AVAILABILITY = YES_AGGRESSIVE;
				CLANG_WARN_UNREACHABLE_CODE = YES;
				CLANG_WARN__DUPLICATE_METHOD_MATCH = YES;
				COPY_PHASE_STRIP = NO;
				DEBUG_INFORMATION_FORMAT = "dwarf-with-dsym";
				ENABLE_NS_ASSERTIONS = NO;
				ENABLE_STRICT_OBJC_MSGSEND = YES;
				ENABLE_USER_SCRIPT_SANDBOXING = YES;
				GCC_C_LANGUAGE_STANDARD = gnu17;
				GCC_NO_COMMON_BLOCKS = YES;
				GCC_WARN_64_TO_32_BIT_CONVERSION = YES;
				GCC_WARN_ABOUT_RETURN_TYPE = YES_ERROR;
				GCC_WARN_UNDECLARED_SELECTOR = YES;
				GCC_WARN_UNINITIALIZED_AUTOS = YES_AGGRESSIVE;
				GCC_WARN_UNUSED_FUNCTION = YES;
				GCC_WARN_UNUSED_VARIABLE = YES;
				IPHONEOS_DEPLOYMENT_TARGET = 18.5;
				LOCALIZATION_PREFERS_STRING_CATALOGS = YES;
				MTL_ENABLE_DEBUG_INFO = NO;
				MTL_FAST_MATH = YES;
				SDKROOT = iphoneos;
				SWIFT_COMPILATION_MODE = wholemodule;
				VALIDATE_PRODUCT = YES;
			};
			name = Release;
		};
		BCCC824D2EA92A4E004B0B90 /* Debug */ = {
			isa = XCBuildConfiguration;
			buildSettings = {
				ASSETCATALOG_COMPILER_APPICON_NAME = AppIcon;
				ASSETCATALOG_COMPILER_GLOBAL_ACCENT_COLOR_NAME = AccentColor;
				CODE_SIGN_STYLE = Automatic;
				CURRENT_PROJECT_VERSION = 1;
				ENABLE_PREVIEWS = YES;
				GENERATE_INFOPLIST_FILE = YES;
				INFOPLIST_KEY_UIApplicationSceneManifest_Generation = YES;
				INFOPLIST_KEY_UIApplicationSupportsIndirectInputEvents = YES;
				INFOPLIST_KEY_UILaunchScreen_Generation = YES;
				INFOPLIST_KEY_UISupportedInterfaceOrientations_iPad = "UIInterfaceOrientationPortrait UIInterfaceOrientationPortraitUpsideDown UIInterfaceOrientationLandscapeLeft UIInterfaceOrientationLandscapeRight";
				INFOPLIST_KEY_UISupportedInterfaceOrientations_iPhone = "UIInterfaceOrientationPortrait UIInterfaceOrientationLandscapeLeft UIInterfaceOrientationLandscapeRight";
				LD_RUNPATH_SEARCH_PATHS = (
					"$(inherited)",
					"@executable_path/Frameworks",
				);
				MARKETING_VERSION = 1.0;
				PRODUCT_BUNDLE_IDENTIFIER = example.BloomreachAssignmentApp;
				PRODUCT_NAME = "$(TARGET_NAME)";
				SUPPORTED_PLATFORMS = "iphoneos iphonesimulator";
				SUPPORTS_MACCATALYST = NO;
				SUPPORTS_MAC_DESIGNED_FOR_IPHONE_IPAD = NO;
				SUPPORTS_XR_DESIGNED_FOR_IPHONE_IPAD = NO;
				SWIFT_EMIT_LOC_STRINGS = YES;
				SWIFT_VERSION = 5.0;
				TARGETED_DEVICE_FAMILY = "1,2";
			};
			name = Debug;
		};
		BCCC824E2EA92A4E004B0B90 /* Release */ = {
			isa = XCBuildConfiguration;
			buildSettings = {
				ASSETCATALOG_COMPILER_APPICON_NAME = AppIcon;
				ASSETCATALOG_COMPILER_GLOBAL_ACCENT_COLOR_NAME = AccentColor;
				CODE_SIGN_STYLE = Automatic;
				CURRENT_PROJECT_VERSION = 1;
				ENABLE_PREVIEWS = YES;
				GENERATE_INFOPLIST_FILE = YES;
				INFOPLIST_KEY_UIApplicationSceneManifest_Generation = YES;
				INFOPLIST_KEY_UIApplicationSupportsIndirectInputEvents = YES;
				INFOPLIST_KEY_UILaunchScreen_Generation = YES;
				INFOPLIST_KEY_UISupportedInterfaceOrientations_iPad = "UIInterfaceOrientationPortrait UIInterfaceOrientationPortraitUpsideDown UIInterfaceOrientationLandscapeLeft UIInterfaceOrientationLandscapeRight";
				INFOPLIST_KEY_UISupportedInterfaceOrientations_iPhone = "UIInterfaceOrientationPortrait UIInterfaceOrientationLandscapeLeft UIInterfaceOrientationLandscapeRight";
				LD_RUNPATH_SEARCH_PATHS = (
					"$(inherited)",
					"@executable_path/Frameworks",
				);
				MARKETING_VERSION = 1.0;
				PRODUCT_BUNDLE_IDENTIFIER = example.BloomreachAssignmentApp;
				PRODUCT_NAME = "$(TARGET_NAME)";
				SUPPORTED_PLATFORMS = "iphoneos iphonesimulator";
				SUPPORTS_MACCATALYST = NO;
				SUPPORTS_MAC_DESIGNED_FOR_IPHONE_IPAD = NO;
				SUPPORTS_XR_DESIGNED_FOR_IPHONE_IPAD = NO;
				SWIFT_EMIT_LOC_STRINGS = YES;
				SWIFT_VERSION = 5.0;
				TARGETED_DEVICE_FAMILY = "1,2";
			};
			name = Release;
		};
		BCCC82502EA92A4E004B0B90 /* Debug */ = {
			isa = XCBuildConfiguration;
			buildSettings = {
				BUNDLE_LOADER = "$(TEST_HOST)";
				CODE_SIGN_STYLE = Automatic;
				CURRENT_PROJECT_VERSION = 1;
				GENERATE_INFOPLIST_FILE = YES;
				IPHONEOS_DEPLOYMENT_TARGET = 18.5;
				MARKETING_VERSION = 1.0;
				PRODUCT_BUNDLE_IDENTIFIER = example.BloomreachAssignmentAppTests;
				PRODUCT_NAME = "$(TARGET_NAME)";
				SUPPORTED_PLATFORMS = "iphoneos iphonesimulator";
				SUPPORTS_MACCATALYST = NO;
				SUPPORTS_MAC_DESIGNED_FOR_IPHONE_IPAD = NO;
				SUPPORTS_XR_DESIGNED_FOR_IPHONE_IPAD = NO;
				SWIFT_EMIT_LOC_STRINGS = NO;
				SWIFT_VERSION = 5.0;
				TARGETED_DEVICE_FAMILY = "1,2";
				TEST_HOST = "$(BUILT_PRODUCTS_DIR)/BloomreachAssignmentApp.app/$(BUNDLE_EXECUTABLE_FOLDER_PATH)/BloomreachAssignmentApp";
			};
			name = Debug;
		};
		BCCC82512EA92A4E004B0B90 /* Release */ = {
			isa = XCBuildConfiguration;
			buildSettings = {
				BUNDLE_LOADER = "$(TEST_HOST)";
				CODE_SIGN_STYLE = Automatic;
				CURRENT_PROJECT_VERSION = 1;
				GENERATE_INFOPLIST_FILE = YES;
				IPHONEOS_DEPLOYMENT_TARGET = 18.5;
				MARKETING_VERSION = 1.0;
				PRODUCT_BUNDLE_IDENTIFIER = example.BloomreachAssignmentAppTests;
				PRODUCT_NAME = "$(TARGET_NAME)";
				SUPPORTED_PLATFORMS = "iphoneos iphonesimulator";
				SUPPORTS_MACCATALYST = NO;
				SUPPORTS_MAC_DESIGNED_FOR_IPHONE_IPAD = NO;
				SUPPORTS_XR_DESIGNED_FOR_IPHONE_IPAD = NO;
				SWIFT_EMIT_LOC_STRINGS = NO;
				SWIFT_VERSION = 5.0;
				TARGETED_DEVICE_FAMILY = "1,2";
				TEST_HOST = "$(BUILT_PRODUCTS_DIR)/BloomreachAssignmentApp.app/$(BUNDLE_EXECUTABLE_FOLDER_PATH)/BloomreachAssignmentApp";
			};
			name = Release;
		};
		BCCC82532EA92A4E004B0B90 /* Debug */ = {
			isa = XCBuildConfiguration;
			buildSettings = {
				CODE_SIGN_STYLE = Automatic;
				CURRENT_PROJECT_VERSION = 1;
				GENERATE_INFOPLIST_FILE = YES;
				MARKETING_VERSION = 1.0;
				PRODUCT_BUNDLE_IDENTIFIER = example.BloomreachAssignmentAppUITests;
				PRODUCT_NAME = "$(TARGET_NAME)";
				SUPPORTED_PLATFORMS = "iphoneos iphonesimulator";
				SUPPORTS_MACCATALYST = NO;
				SUPPORTS_MAC_DESIGNED_FOR_IPHONE_IPAD = NO;
				SUPPORTS_XR_DESIGNED_FOR_IPHONE_IPAD = NO;
				SWIFT_EMIT_LOC_STRINGS = NO;
				SWIFT_VERSION = 5.0;
				TARGETED_DEVICE_FAMILY = "1,2";
				TEST_TARGET_NAME = BloomreachAssignmentApp;
			};
			name = Debug;
		};
		BCCC82542EA92A4E004B0B90 /* Release */ = {
			isa = XCBuildConfiguration;
			buildSettings = {
				CODE_SIGN_STYLE = Automatic;
				CURRENT_PROJECT_VERSION = 1;
				GENERATE_INFOPLIST_FILE = YES;
				MARKETING_VERSION = 1.0;
				PRODUCT_BUNDLE_IDENTIFIER = example.BloomreachAssignmentAppUITests;
				PRODUCT_NAME = "$(TARGET_NAME)";
				SUPPORTED_PLATFORMS = "iphoneos iphonesimulator";
				SUPPORTS_MACCATALYST = NO;
				SUPPORTS_MAC_DESIGNED_FOR_IPHONE_IPAD = NO;
				SUPPORTS_XR_DESIGNED_FOR_IPHONE_IPAD = NO;
				SWIFT_EMIT_LOC_STRINGS = NO;
				SWIFT_VERSION = 5.0;
				TARGETED_DEVICE_FAMILY = "1,2";
				TEST_TARGET_NAME = BloomreachAssignmentApp;
			};
			name = Release;
		};
/* End XCBuildConfiguration section */

/* Begin XCConfigurationList section */
		BCCC82262EA92A4D004B0B90 /* Build configuration list for PBXProject "BloomreachAssignmentApp" */ = {
			isa = XCConfigurationList;
			buildConfigurations = (
				BCCC824A2EA92A4E004B0B90 /* Debug */,
				BCCC824B2EA92A4E004B0B90 /* Release */,
			);
			defaultConfigurationIsVisible = 0;
			defaultConfigurationName = Release;
		};
		BCCC824C2EA92A4E004B0B90 /* Build configuration list for PBXNativeTarget "BloomreachAssignmentApp" */ = {
			isa = XCConfigurationList;
			buildConfigurations = (
				BCCC824D2EA92A4E004B0B90 /* Debug */,
				BCCC824E2EA92A4E004B0B90 /* Release */,
			);
			defaultConfigurationIsVisible = 0;
			defaultConfigurationName = Release;
		};
		BCCC824F2EA92A4E004B0B90 /* Build configuration list for PBXNativeTarget "BloomreachAssignmentAppTests" */ = {
			isa = XCConfigurationList;
			buildConfigurations = (
				BCCC82502EA92A4E004B0B90 /* Debug */,
				BCCC82512EA92A4E004B0B90 /* Release */,
			);
			defaultConfigurationIsVisible = 0;
			defaultConfigurationName = Release;
		};
		BCCC82522EA92A4E004B0B90 /* Build configuration list for PBXNativeTarget "BloomreachAssignmentAppUITests" */ = {
			isa = XCConfigurationList;
			buildConfigurations = (
				BCCC82532EA92A4E004B0B90 /* Debug */,
				BCCC82542EA92A4E004B0B90 /* Release */,
			);
			defaultConfigurationIsVisible = 0;
			defaultConfigurationName = Release;
		};
/* End XCConfigurationList section */

/* Begin XCLocalSwiftPackageReference section */
		BCCC847D2EAC2FEB004B0B90 /* XCLocalSwiftPackageReference "../BloomreachAssignmentPackage" */ = {
			isa = XCLocalSwiftPackageReference;
			relativePath = ../BloomreachAssignmentPackage;
		};
/* End XCLocalSwiftPackageReference section */

/* Begin XCSwiftPackageProductDependency section */
		BCCC82662EA97A3B004B0B90 /* BloomreachAssignmentPackage */ = {
			isa = XCSwiftPackageProductDependency;
			productName = BloomreachAssignmentPackage;
		};
		BCCC846F2EAC2DDF004B0B90 /* BloomreachAssignmentPackage */ = {
			isa = XCSwiftPackageProductDependency;
			productName = BloomreachAssignmentPackage;
		};
		BCCC847E2EAC2FEB004B0B90 /* BloomreachAssignmentPackage */ = {
			isa = XCSwiftPackageProductDependency;
			productName = BloomreachAssignmentPackage;
		};
/* End XCSwiftPackageProductDependency section */
	};
	rootObject = BCCC82232EA92A4D004B0B90 /* Project object */;
}
